
Microsoft Visual Studio Solution File, Format Version 12.00
# Visual Studio Version 17
VisualStudioVersion = 17.4.33122.133
MinimumVisualStudioVersion = 10.0.40219.1
Project("{FAE04EC0-301F-11D3-BF4B-00C04F79EFBC}") = "SV2AIR", "SV2AIR.csproj", "{E6D05CF5-3DDA-4B96-A42C-39BE723B30BC}"
EndProject
Global
	GlobalSection(SolutionConfigurationPlatforms) = preSolution
		Debug|Any CPU = Debug|Any CPU
		Release|Any CPU = Release|Any CPU
	EndGlobalSection
	GlobalSection(ProjectConfigurationPlatforms) = postSolution
		{E6D05CF5-3DDA-4B96-A42C-39BE723B30BC}.Debug|Any CPU.ActiveCfg = Debug|Any CPU
		{E6D05CF5-3DDA-4B96-A42C-39BE723B30BC}.Debug|Any CPU.Build.0 = Debug|Any CPU
		{E6D05CF5-3DDA-4B96-A42C-39BE723B30BC}.Release|Any CPU.ActiveCfg = Release|Any CPU
		{E6D05CF5-3DDA-4B96-A42C-39BE723B30BC}.Release|Any CPU.Build.0 = Release|Any CPU
	EndGlobalSection
	GlobalSection(SolutionProperties) = preSolution
		HideSolutionNode = FALSE
	EndGlobalSection
	GlobalSection(ExtensibilityGlobals) = postSolution
		SolutionGuid = {CEA0A36D-ABF5-4043-AE12-00F0A8F59EF4}
	EndGlobalSection
EndGlobal
